
Microsoft Visual Studio Solution File, Format Version 12.00
# Visual Studio Version 16
VisualStudioVersion = 16.0.29025.244
MinimumVisualStudioVersion = 10.0.40219.1
Project("{FAE04EC0-301F-11D3-BF4B-00C04F79EFBC}") = "ExercicioClass01", "ExercicioClass01\ExercicioClass01.csproj", "{6C0F5EAF-1DE6-4CEA-9803-262AF28ACA08}"
EndProject
Project("{FAE04EC0-301F-11D3-BF4B-00C04F79EFBC}") = "ExercicioClass02", "ExercicioClass02\ExercicioClass02.csproj", "{8ADF6CD3-2585-41B0-8FE0-6EB440BE2F55}"
EndProject
Global
	GlobalSection(SolutionConfigurationPlatforms) = preSolution
		Debug|Any CPU = Debug|Any CPU
		Release|Any CPU = Release|Any CPU
	EndGlobalSection
	GlobalSection(ProjectConfigurationPlatforms) = postSolution
		{6C0F5EAF-1DE6-4CEA-9803-262AF28ACA08}.Debug|Any CPU.ActiveCfg = Debug|Any CPU
		{6C0F5EAF-1DE6-4CEA-9803-262AF28ACA08}.Debug|Any CPU.Build.0 = Debug|Any CPU
		{6C0F5EAF-1DE6-4CEA-9803-262AF28ACA08}.Release|Any CPU.ActiveCfg = Release|Any CPU
		{6C0F5EAF-1DE6-4CEA-9803-262AF28ACA08}.Release|Any CPU.Build.0 = Release|Any CPU
		{8ADF6CD3-2585-41B0-8FE0-6EB440BE2F55}.Debug|Any CPU.ActiveCfg = Debug|Any CPU
		{8ADF6CD3-2585-41B0-8FE0-6EB440BE2F55}.Debug|Any CPU.Build.0 = Debug|Any CPU
		{8ADF6CD3-2585-41B0-8FE0-6EB440BE2F55}.Release|Any CPU.ActiveCfg = Release|Any CPU
		{8ADF6CD3-2585-41B0-8FE0-6EB440BE2F55}.Release|Any CPU.Build.0 = Release|Any CPU
	EndGlobalSection
	GlobalSection(SolutionProperties) = preSolution
		HideSolutionNode = FALSE
	EndGlobalSection
	GlobalSection(ExtensibilityGlobals) = postSolution
		SolutionGuid = {D879863D-1F18-4205-BD57-2379DE61FEF3}
	EndGlobalSection
EndGlobal
