
Microsoft Visual Studio Solution File, Format Version 12.00
# Visual Studio Version 16
VisualStudioVersion = 16.0.29025.244
MinimumVisualStudioVersion = 10.0.40219.1
Project("{FAE04EC0-301F-11D3-BF4B-00C04F79EFBC}") = "ExercicioProposto", "ExercicioProposto\ExercicioProposto.csproj", "{6CE2E4B3-3594-4D6E-A656-25E850E21C44}"
EndProject
Global
	GlobalSection(SolutionConfigurationPlatforms) = preSolution
		Debug|Any CPU = Debug|Any CPU
		Release|Any CPU = Release|Any CPU
	EndGlobalSection
	GlobalSection(ProjectConfigurationPlatforms) = postSolution
		{6CE2E4B3-3594-4D6E-A656-25E850E21C44}.Debug|Any CPU.ActiveCfg = Debug|Any CPU
		{6CE2E4B3-3594-4D6E-A656-25E850E21C44}.Debug|Any CPU.Build.0 = Debug|Any CPU
		{6CE2E4B3-3594-4D6E-A656-25E850E21C44}.Release|Any CPU.ActiveCfg = Release|Any CPU
		{6CE2E4B3-3594-4D6E-A656-25E850E21C44}.Release|Any CPU.Build.0 = Release|Any CPU
	EndGlobalSection
	GlobalSection(SolutionProperties) = preSolution
		HideSolutionNode = FALSE
	EndGlobalSection
	GlobalSection(ExtensibilityGlobals) = postSolution
		SolutionGuid = {01513F12-EB20-4E40-8A9C-EBC87A752A34}
	EndGlobalSection
EndGlobal
