
Microsoft Visual Studio Solution File, Format Version 12.00
# Visual Studio Version 16
VisualStudioVersion = 16.0.29025.244
MinimumVisualStudioVersion = 10.0.40219.1
Project("{FAE04EC0-301F-11D3-BF4B-00C04F79EFBC}") = "ExercicioResolvido01", "ExercicioResolvido01\ExercicioResolvido01.csproj", "{B5301CF8-0FA4-4490-B5EF-5412466FF185}"
EndProject
Project("{FAE04EC0-301F-11D3-BF4B-00C04F79EFBC}") = "ExercicioProposto01", "ExercicioProposto01\ExercicioProposto01.csproj", "{C69A1704-14A0-4998-9C37-B7FC974485B8}"
EndProject
Project("{FAE04EC0-301F-11D3-BF4B-00C04F79EFBC}") = "ExercicioResolvido02", "ExercicioResolvido02\ExercicioResolvido02.csproj", "{96C8898B-EEC2-40EB-AF5B-5F624E70A147}"
EndProject
Global
	GlobalSection(SolutionConfigurationPlatforms) = preSolution
		Debug|Any CPU = Debug|Any CPU
		Release|Any CPU = Release|Any CPU
	EndGlobalSection
	GlobalSection(ProjectConfigurationPlatforms) = postSolution
		{B5301CF8-0FA4-4490-B5EF-5412466FF185}.Debug|Any CPU.ActiveCfg = Debug|Any CPU
		{B5301CF8-0FA4-4490-B5EF-5412466FF185}.Debug|Any CPU.Build.0 = Debug|Any CPU
		{B5301CF8-0FA4-4490-B5EF-5412466FF185}.Release|Any CPU.ActiveCfg = Release|Any CPU
		{B5301CF8-0FA4-4490-B5EF-5412466FF185}.Release|Any CPU.Build.0 = Release|Any CPU
		{C69A1704-14A0-4998-9C37-B7FC974485B8}.Debug|Any CPU.ActiveCfg = Debug|Any CPU
		{C69A1704-14A0-4998-9C37-B7FC974485B8}.Debug|Any CPU.Build.0 = Debug|Any CPU
		{C69A1704-14A0-4998-9C37-B7FC974485B8}.Release|Any CPU.ActiveCfg = Release|Any CPU
		{C69A1704-14A0-4998-9C37-B7FC974485B8}.Release|Any CPU.Build.0 = Release|Any CPU
		{96C8898B-EEC2-40EB-AF5B-5F624E70A147}.Debug|Any CPU.ActiveCfg = Debug|Any CPU
		{96C8898B-EEC2-40EB-AF5B-5F624E70A147}.Debug|Any CPU.Build.0 = Debug|Any CPU
		{96C8898B-EEC2-40EB-AF5B-5F624E70A147}.Release|Any CPU.ActiveCfg = Release|Any CPU
		{96C8898B-EEC2-40EB-AF5B-5F624E70A147}.Release|Any CPU.Build.0 = Release|Any CPU
	EndGlobalSection
	GlobalSection(SolutionProperties) = preSolution
		HideSolutionNode = FALSE
	EndGlobalSection
	GlobalSection(ExtensibilityGlobals) = postSolution
		SolutionGuid = {0AE59728-9C81-457C-8450-A8482CCB77D9}
	EndGlobalSection
EndGlobal
