
Microsoft Visual Studio Solution File, Format Version 12.00
# Visual Studio Version 16
VisualStudioVersion = 16.0.29025.244
MinimumVisualStudioVersion = 10.0.40219.1
Project("{FAE04EC0-301F-11D3-BF4B-00C04F79EFBC}") = "ExercicioProposto", "ExercicioProposto\ExercicioProposto.csproj", "{E5D03B6B-7669-43FA-A3BA-166FD4D4A77A}"
EndProject
Global
	GlobalSection(SolutionConfigurationPlatforms) = preSolution
		Debug|Any CPU = Debug|Any CPU
		Release|Any CPU = Release|Any CPU
	EndGlobalSection
	GlobalSection(ProjectConfigurationPlatforms) = postSolution
		{E5D03B6B-7669-43FA-A3BA-166FD4D4A77A}.Debug|Any CPU.ActiveCfg = Debug|Any CPU
		{E5D03B6B-7669-43FA-A3BA-166FD4D4A77A}.Debug|Any CPU.Build.0 = Debug|Any CPU
		{E5D03B6B-7669-43FA-A3BA-166FD4D4A77A}.Release|Any CPU.ActiveCfg = Release|Any CPU
		{E5D03B6B-7669-43FA-A3BA-166FD4D4A77A}.Release|Any CPU.Build.0 = Release|Any CPU
	EndGlobalSection
	GlobalSection(SolutionProperties) = preSolution
		HideSolutionNode = FALSE
	EndGlobalSection
	GlobalSection(ExtensibilityGlobals) = postSolution
		SolutionGuid = {D37AC0BD-0232-4B15-A601-536AA075E085}
	EndGlobalSection
EndGlobal
